// !$*UTF8*$!
{
	archiveVersion = 1;
	classes = {
	};
	objectVersion = 56;
	objects = {

/* Begin PBXBuildFile section */
		18FC2A2E2AD6C66C00924456 /* WeatherAppRealmApp.swift in Sources */ = {isa = PBXBuildFile; fileRef = 18FC2A2D2AD6C66C00924456 /* WeatherAppRealmApp.swift */; };
		18FC2A302AD6C66C00924456 /* ContentView.swift in Sources */ = {isa = PBXBuildFile; fileRef = 18FC2A2F2AD6C66C00924456 /* ContentView.swift */; };
		18FC2A322AD6C66C00924456 /* Item.swift in Sources */ = {isa = PBXBuildFile; fileRef = 18FC2A312AD6C66C00924456 /* Item.swift */; };
		18FC2A342AD6C66E00924456 /* Assets.xcassets in Resources */ = {isa = PBXBuildFile; fileRef = 18FC2A332AD6C66E00924456 /* Assets.xcassets */; };
		18FC2A372AD6C66E00924456 /* Preview Assets.xcassets in Resources */ = {isa = PBXBuildFile; fileRef = 18FC2A362AD6C66E00924456 /* Preview Assets.xcassets */; };
		18FC2A3F2AD6D25600924456 /* Realm in Frameworks */ = {isa = PBXBuildFile; productRef = 18FC2A3E2AD6D25600924456 /* Realm */; };
		18FC2A412AD6D25600924456 /* RealmSwift in Frameworks */ = {isa = PBXBuildFile; productRef = 18FC2A402AD6D25600924456 /* RealmSwift */; };
		18FC2A442AD6D29500924456 /* SwiftLocation in Frameworks */ = {isa = PBXBuildFile; productRef = 18FC2A432AD6D29500924456 /* SwiftLocation */; };
		18FC2A462AD6D29500924456 /* SwiftLocation-Dynamic in Frameworks */ = {isa = PBXBuildFile; productRef = 18FC2A452AD6D29500924456 /* SwiftLocation-Dynamic */; };
		18FC2A482AD6D29500924456 /* SwiftLocationBeaconBroadcaster in Frameworks */ = {isa = PBXBuildFile; productRef = 18FC2A472AD6D29500924456 /* SwiftLocationBeaconBroadcaster */; };
		18FC2A4A2AD6D29500924456 /* SwiftLocationBeaconBroadcaster.Dynamic in Frameworks */ = {isa = PBXBuildFile; productRef = 18FC2A492AD6D29500924456 /* SwiftLocationBeaconBroadcaster.Dynamic */; };
		18FC2A4D2AD6D2DF00924456 /* SwifterSwift in Frameworks */ = {isa = PBXBuildFile; productRef = 18FC2A4C2AD6D2DF00924456 /* SwifterSwift */; };
		18FC2A502AD6D30B00924456 /* Reachability in Frameworks */ = {isa = PBXBuildFile; productRef = 18FC2A4F2AD6D30B00924456 /* Reachability */; };
		F2FE4EA15535AE0CB01AA2A3 /* Pods_WeatherAppRealm.framework in Frameworks */ = {isa = PBXBuildFile; fileRef = 6CE86E3AD82A0361E70C1D55 /* Pods_WeatherAppRealm.framework */; };
/* End PBXBuildFile section */

/* Begin PBXFileReference section */
		18FC2A2A2AD6C66C00924456 /* WeatherAppRealm.app */ = {isa = PBXFileReference; explicitFileType = wrapper.application; includeInIndex = 0; path = WeatherAppRealm.app; sourceTree = BUILT_PRODUCTS_DIR; };
		18FC2A2D2AD6C66C00924456 /* WeatherAppRealmApp.swift */ = {isa = PBXFileReference; lastKnownFileType = sourcecode.swift; path = WeatherAppRealmApp.swift; sourceTree = "<group>"; };
		18FC2A2F2AD6C66C00924456 /* ContentView.swift */ = {isa = PBXFileReference; lastKnownFileType = sourcecode.swift; path = ContentView.swift; sourceTree = "<group>"; };
		18FC2A312AD6C66C00924456 /* Item.swift */ = {isa = PBXFileReference; lastKnownFileType = sourcecode.swift; path = Item.swift; sourceTree = "<group>"; };
		18FC2A332AD6C66E00924456 /* Assets.xcassets */ = {isa = PBXFileReference; lastKnownFileType = folder.assetcatalog; path = Assets.xcassets; sourceTree = "<group>"; };
		18FC2A362AD6C66E00924456 /* Preview Assets.xcassets */ = {isa = PBXFileReference; lastKnownFileType = folder.assetcatalog; path = "Preview Assets.xcassets"; sourceTree = "<group>"; };
		613FF1438D77C1A20A2A9D59 /* Pods-WeatherAppRealm.release.xcconfig */ = {isa = PBXFileReference; includeInIndex = 1; lastKnownFileType = text.xcconfig; name = "Pods-WeatherAppRealm.release.xcconfig"; path = "Target Support Files/Pods-WeatherAppRealm/Pods-WeatherAppRealm.release.xcconfig"; sourceTree = "<group>"; };
		6CE86E3AD82A0361E70C1D55 /* Pods_WeatherAppRealm.framework */ = {isa = PBXFileReference; explicitFileType = wrapper.framework; includeInIndex = 0; path = Pods_WeatherAppRealm.framework; sourceTree = BUILT_PRODUCTS_DIR; };
		AC2CAE0357CA939A85F89D82 /* Pods-WeatherAppRealm.debug.xcconfig */ = {isa = PBXFileReference; includeInIndex = 1; lastKnownFileType = text.xcconfig; name = "Pods-WeatherAppRealm.debug.xcconfig"; path = "Target Support Files/Pods-WeatherAppRealm/Pods-WeatherAppRealm.debug.xcconfig"; sourceTree = "<group>"; };
/* End PBXFileReference section */

/* Begin PBXFrameworksBuildPhase section */
		18FC2A272AD6C66C00924456 /* Frameworks */ = {
			isa = PBXFrameworksBuildPhase;
			buildActionMask = 2147483647;
			files = (
				18FC2A412AD6D25600924456 /* RealmSwift in Frameworks */,
				18FC2A3F2AD6D25600924456 /* Realm in Frameworks */,
				F2FE4EA15535AE0CB01AA2A3 /* Pods_WeatherAppRealm.framework in Frameworks */,
				18FC2A462AD6D29500924456 /* SwiftLocation-Dynamic in Frameworks */,
				18FC2A502AD6D30B00924456 /* Reachability in Frameworks */,
				18FC2A482AD6D29500924456 /* SwiftLocationBeaconBroadcaster in Frameworks */,
				18FC2A4D2AD6D2DF00924456 /* SwifterSwift in Frameworks */,
				18FC2A4A2AD6D29500924456 /* SwiftLocationBeaconBroadcaster.Dynamic in Frameworks */,
				18FC2A442AD6D29500924456 /* SwiftLocation in Frameworks */,
			);
			runOnlyForDeploymentPostprocessing = 0;
		};
/* End PBXFrameworksBuildPhase section */

/* Begin PBXGroup section */
		124AAA1657353054F82CCDBD /* Pods */ = {
			isa = PBXGroup;
			children = (
				AC2CAE0357CA939A85F89D82 /* Pods-WeatherAppRealm.debug.xcconfig */,
				613FF1438D77C1A20A2A9D59 /* Pods-WeatherAppRealm.release.xcconfig */,
			);
			path = Pods;
			sourceTree = "<group>";
		};
		18FC2A212AD6C66C00924456 = {
			isa = PBXGroup;
			children = (
				18FC2A2C2AD6C66C00924456 /* WeatherAppRealm */,
				18FC2A2B2AD6C66C00924456 /* Products */,
				124AAA1657353054F82CCDBD /* Pods */,
				A5C4C36C19872E7D6FD2A814 /* Frameworks */,
			);
			sourceTree = "<group>";
		};
		18FC2A2B2AD6C66C00924456 /* Products */ = {
			isa = PBXGroup;
			children = (
				18FC2A2A2AD6C66C00924456 /* WeatherAppRealm.app */,
			);
			name = Products;
			sourceTree = "<group>";
		};
		18FC2A2C2AD6C66C00924456 /* WeatherAppRealm */ = {
			isa = PBXGroup;
			children = (
				18FC2A2D2AD6C66C00924456 /* WeatherAppRealmApp.swift */,
				18FC2A2F2AD6C66C00924456 /* ContentView.swift */,
				18FC2A312AD6C66C00924456 /* Item.swift */,
				18FC2A332AD6C66E00924456 /* Assets.xcassets */,
				18FC2A352AD6C66E00924456 /* Preview Content */,
			);
			path = WeatherAppRealm;
			sourceTree = "<group>";
		};
		18FC2A352AD6C66E00924456 /* Preview Content */ = {
			isa = PBXGroup;
			children = (
				18FC2A362AD6C66E00924456 /* Preview Assets.xcassets */,
			);
			path = "Preview Content";
			sourceTree = "<group>";
		};
		A5C4C36C19872E7D6FD2A814 /* Frameworks */ = {
			isa = PBXGroup;
			children = (
				6CE86E3AD82A0361E70C1D55 /* Pods_WeatherAppRealm.framework */,
			);
			name = Frameworks;
			sourceTree = "<group>";
		};
/* End PBXGroup section */

/* Begin PBXNativeTarget section */
		18FC2A292AD6C66C00924456 /* WeatherAppRealm */ = {
			isa = PBXNativeTarget;
			buildConfigurationList = 18FC2A3A2AD6C66E00924456 /* Build configuration list for PBXNativeTarget "WeatherAppRealm" */;
			buildPhases = (
				7942C346564E3379A84540F5 /* [CP] Check Pods Manifest.lock */,
				18FC2A262AD6C66C00924456 /* Sources */,
				18FC2A272AD6C66C00924456 /* Frameworks */,
				18FC2A282AD6C66C00924456 /* Resources */,
				A1EFE50200BEAED980373214 /* [CP] Embed Pods Frameworks */,
			);
			buildRules = (
			);
			dependencies = (
			);
			name = WeatherAppRealm;
			packageProductDependencies = (
				18FC2A3E2AD6D25600924456 /* Realm */,
				18FC2A402AD6D25600924456 /* RealmSwift */,
				18FC2A432AD6D29500924456 /* SwiftLocation */,
				18FC2A452AD6D29500924456 /* SwiftLocation-Dynamic */,
				18FC2A472AD6D29500924456 /* SwiftLocationBeaconBroadcaster */,
				18FC2A492AD6D29500924456 /* SwiftLocationBeaconBroadcaster.Dynamic */,
				18FC2A4C2AD6D2DF00924456 /* SwifterSwift */,
				18FC2A4F2AD6D30B00924456 /* Reachability */,
			);
			productName = WeatherAppRealm;
			productReference = 18FC2A2A2AD6C66C00924456 /* WeatherAppRealm.app */;
			productType = "com.apple.product-type.application";
		};
/* End PBXNativeTarget section */

/* Begin PBXProject section */
		18FC2A222AD6C66C00924456 /* Project object */ = {
			isa = PBXProject;
			attributes = {
				BuildIndependentTargetsInParallel = 1;
				LastSwiftUpdateCheck = 1500;
				LastUpgradeCheck = 1500;
				TargetAttributes = {
					18FC2A292AD6C66C00924456 = {
						CreatedOnToolsVersion = 15.0;
					};
				};
			};
			buildConfigurationList = 18FC2A252AD6C66C00924456 /* Build configuration list for PBXProject "WeatherAppRealm" */;
			compatibilityVersion = "Xcode 14.0";
			developmentRegion = en;
			hasScannedForEncodings = 0;
			knownRegions = (
				en,
				Base,
			);
			mainGroup = 18FC2A212AD6C66C00924456;
			packageReferences = (
				18FC2A3D2AD6D25600924456 /* XCRemoteSwiftPackageReference "realm-swift" */,
				18FC2A422AD6D29500924456 /* XCRemoteSwiftPackageReference "SwiftLocation" */,
				18FC2A4B2AD6D2DF00924456 /* XCRemoteSwiftPackageReference "SwifterSwift" */,
				18FC2A4E2AD6D30B00924456 /* XCRemoteSwiftPackageReference "Reachability" */,
			);
			productRefGroup = 18FC2A2B2AD6C66C00924456 /* Products */;
			projectDirPath = "";
			projectRoot = "";
			targets = (
				18FC2A292AD6C66C00924456 /* WeatherAppRealm */,
			);
		};
/* End PBXProject section */

/* Begin PBXResourcesBuildPhase section */
		18FC2A282AD6C66C00924456 /* Resources */ = {
			isa = PBXResourcesBuildPhase;
			buildActionMask = 2147483647;
			files = (
				18FC2A372AD6C66E00924456 /* Preview Assets.xcassets in Resources */,
				18FC2A342AD6C66E00924456 /* Assets.xcassets in Resources */,
			);
			runOnlyForDeploymentPostprocessing = 0;
		};
/* End PBXResourcesBuildPhase section */

/* Begin PBXShellScriptBuildPhase section */
		7942C346564E3379A84540F5 /* [CP] Check Pods Manifest.lock */ = {
			isa = PBXShellScriptBuildPhase;
			buildActionMask = 2147483647;
			files = (
			);
			inputFileListPaths = (
			);
			inputPaths = (
				"${PODS_PODFILE_DIR_PATH}/Podfile.lock",
				"${PODS_ROOT}/Manifest.lock",
			);
			name = "[CP] Check Pods Manifest.lock";
			outputFileListPaths = (
			);
			outputPaths = (
				"$(DERIVED_FILE_DIR)/Pods-WeatherAppRealm-checkManifestLockResult.txt",
			);
			runOnlyForDeploymentPostprocessing = 0;
			shellPath = /bin/sh;
			shellScript = "diff \"${PODS_PODFILE_DIR_PATH}/Podfile.lock\" \"${PODS_ROOT}/Manifest.lock\" > /dev/null\nif [ $? != 0 ] ; then\n    # print error to STDERR\n    echo \"error: The sandbox is not in sync with the Podfile.lock. Run 'pod install' or update your CocoaPods installation.\" >&2\n    exit 1\nfi\n# This output is used by Xcode 'outputs' to avoid re-running this script phase.\necho \"SUCCESS\" > \"${SCRIPT_OUTPUT_FILE_0}\"\n";
			showEnvVarsInLog = 0;
		};
		A1EFE50200BEAED980373214 /* [CP] Embed Pods Frameworks */ = {
			isa = PBXShellScriptBuildPhase;
			buildActionMask = 2147483647;
			files = (
			);
			inputFileListPaths = (
				"${PODS_ROOT}/Target Support Files/Pods-WeatherAppRealm/Pods-WeatherAppRealm-frameworks-${CONFIGURATION}-input-files.xcfilelist",
			);
			name = "[CP] Embed Pods Frameworks";
			outputFileListPaths = (
				"${PODS_ROOT}/Target Support Files/Pods-WeatherAppRealm/Pods-WeatherAppRealm-frameworks-${CONFIGURATION}-output-files.xcfilelist",
			);
			runOnlyForDeploymentPostprocessing = 0;
			shellPath = /bin/sh;
			shellScript = "\"${PODS_ROOT}/Target Support Files/Pods-WeatherAppRealm/Pods-WeatherAppRealm-frameworks.sh\"\n";
			showEnvVarsInLog = 0;
		};
/* End PBXShellScriptBuildPhase section */

/* Begin PBXSourcesBuildPhase section */
		18FC2A262AD6C66C00924456 /* Sources */ = {
			isa = PBXSourcesBuildPhase;
			buildActionMask = 2147483647;
			files = (
				18FC2A302AD6C66C00924456 /* ContentView.swift in Sources */,
				18FC2A322AD6C66C00924456 /* Item.swift in Sources */,
				18FC2A2E2AD6C66C00924456 /* WeatherAppRealmApp.swift in Sources */,
			);
			runOnlyForDeploymentPostprocessing = 0;
		};
/* End PBXSourcesBuildPhase section */

/* Begin XCBuildConfiguration section */
		18FC2A382AD6C66E00924456 /* Debug */ = {
			isa = XCBuildConfiguration;
			buildSettings = {
				ALWAYS_SEARCH_USER_PATHS = NO;
				ASSETCATALOG_COMPILER_GENERATE_SWIFT_ASSET_SYMBOL_EXTENSIONS = YES;
				CLANG_ANALYZER_NONNULL = YES;
				CLANG_ANALYZER_NUMBER_OBJECT_CONVERSION = YES_AGGRESSIVE;
				CLANG_CXX_LANGUAGE_STANDARD = "gnu++20";
				CLANG_ENABLE_MODULES = YES;
				CLANG_ENABLE_OBJC_ARC = YES;
				CLANG_ENABLE_OBJC_WEAK = YES;
				CLANG_WARN_BLOCK_CAPTURE_AUTORELEASING = YES;
				CLANG_WARN_BOOL_CONVERSION = YES;
				CLANG_WARN_COMMA = YES;
				CLANG_WARN_CONSTANT_CONVERSION = YES;
				CLANG_WARN_DEPRECATED_OBJC_IMPLEMENTATIONS = YES;
				CLANG_WARN_DIRECT_OBJC_ISA_USAGE = YES_ERROR;
				CLANG_WARN_DOCUMENTATION_COMMENTS = YES;
				CLANG_WARN_EMPTY_BODY = YES;
				CLANG_WARN_ENUM_CONVERSION = YES;
				CLANG_WARN_INFINITE_RECURSION = YES;
				CLANG_WARN_INT_CONVERSION = YES;
				CLANG_WARN_NON_LITERAL_NULL_CONVERSION = YES;
				CLANG_WARN_OBJC_IMPLICIT_RETAIN_SELF = YES;
				CLANG_WARN_OBJC_LITERAL_CONVERSION = YES;
				CLANG_WARN_OBJC_ROOT_CLASS = YES_ERROR;
				CLANG_WARN_QUOTED_INCLUDE_IN_FRAMEWORK_HEADER = YES;
				CLANG_WARN_RANGE_LOOP_ANALYSIS = YES;
				CLANG_WARN_STRICT_PROTOTYPES = YES;
				CLANG_WARN_SUSPICIOUS_MOVE = YES;
				CLANG_WARN_UNGUARDED_AVAILABILITY = YES_AGGRESSIVE;
				CLANG_WARN_UNREACHABLE_CODE = YES;
				CLANG_WARN__DUPLICATE_METHOD_MATCH = YES;
				COPY_PHASE_STRIP = NO;
				DEBUG_INFORMATION_FORMAT = dwarf;
				ENABLE_STRICT_OBJC_MSGSEND = YES;
				ENABLE_TESTABILITY = YES;
				ENABLE_USER_SCRIPT_SANDBOXING = YES;
				GCC_C_LANGUAGE_STANDARD = gnu17;
				GCC_DYNAMIC_NO_PIC = NO;
				GCC_NO_COMMON_BLOCKS = YES;
				GCC_OPTIMIZATION_LEVEL = 0;
				GCC_PREPROCESSOR_DEFINITIONS = (
					"DEBUG=1",
					"$(inherited)",
				);
				GCC_WARN_64_TO_32_BIT_CONVERSION = YES;
				GCC_WARN_ABOUT_RETURN_TYPE = YES_ERROR;
				GCC_WARN_UNDECLARED_SELECTOR = YES;
				GCC_WARN_UNINITIALIZED_AUTOS = YES_AGGRESSIVE;
				GCC_WARN_UNUSED_FUNCTION = YES;
				GCC_WARN_UNUSED_VARIABLE = YES;
				IPHONEOS_DEPLOYMENT_TARGET = 17.0;
				LOCALIZATION_PREFERS_STRING_CATALOGS = YES;
				MTL_ENABLE_DEBUG_INFO = INCLUDE_SOURCE;
				MTL_FAST_MATH = YES;
				ONLY_ACTIVE_ARCH = YES;
				SDKROOT = iphoneos;
				SWIFT_ACTIVE_COMPILATION_CONDITIONS = "DEBUG $(inherited)";
				SWIFT_OPTIMIZATION_LEVEL = "-Onone";
			};
			name = Debug;
		};
		18FC2A392AD6C66E00924456 /* Release */ = {
			isa = XCBuildConfiguration;
			buildSettings = {
				ALWAYS_SEARCH_USER_PATHS = NO;
				ASSETCATALOG_COMPILER_GENERATE_SWIFT_ASSET_SYMBOL_EXTENSIONS = YES;
				CLANG_ANALYZER_NONNULL = YES;
				CLANG_ANALYZER_NUMBER_OBJECT_CONVERSION = YES_AGGRESSIVE;
				CLANG_CXX_LANGUAGE_STANDARD = "gnu++20";
				CLANG_ENABLE_MODULES = YES;
				CLANG_ENABLE_OBJC_ARC = YES;
				CLANG_ENABLE_OBJC_WEAK = YES;
				CLANG_WARN_BLOCK_CAPTURE_AUTORELEASING = YES;
				CLANG_WARN_BOOL_CONVERSION = YES;
				CLANG_WARN_COMMA = YES;
				CLANG_WARN_CONSTANT_CONVERSION = YES;
				CLANG_WARN_DEPRECATED_OBJC_IMPLEMENTATIONS = YES;
				CLANG_WARN_DIRECT_OBJC_ISA_USAGE = YES_ERROR;
				CLANG_WARN_DOCUMENTATION_COMMENTS = YES;
				CLANG_WARN_EMPTY_BODY = YES;
				CLANG_WARN_ENUM_CONVERSION = YES;
				CLANG_WARN_INFINITE_RECURSION = YES;
				CLANG_WARN_INT_CONVERSION = YES;
				CLANG_WARN_NON_LITERAL_NULL_CONVERSION = YES;
				CLANG_WARN_OBJC_IMPLICIT_RETAIN_SELF = YES;
				CLANG_WARN_OBJC_LITERAL_CONVERSION = YES;
				CLANG_WARN_OBJC_ROOT_CLASS = YES_ERROR;
				CLANG_WARN_QUOTED_INCLUDE_IN_FRAMEWORK_HEADER = YES;
				CLANG_WARN_RANGE_LOOP_ANALYSIS = YES;
				CLANG_WARN_STRICT_PROTOTYPES = YES;
				CLANG_WARN_SUSPICIOUS_MOVE = YES;
				CLANG_WARN_UNGUARDED_AVAILABILITY = YES_AGGRESSIVE;
				CLANG_WARN_UNREACHABLE_CODE = YES;
				CLANG_WARN__DUPLICATE_METHOD_MATCH = YES;
				COPY_PHASE_STRIP = NO;
				DEBUG_INFORMATION_FORMAT = "dwarf-with-dsym";
				ENABLE_NS_ASSERTIONS = NO;
				ENABLE_STRICT_OBJC_MSGSEND = YES;
				ENABLE_USER_SCRIPT_SANDBOXING = YES;
				GCC_C_LANGUAGE_STANDARD = gnu17;
				GCC_NO_COMMON_BLOCKS = YES;
				GCC_WARN_64_TO_32_BIT_CONVERSION = YES;
				GCC_WARN_ABOUT_RETURN_TYPE = YES_ERROR;
				GCC_WARN_UNDECLARED_SELECTOR = YES;
				GCC_WARN_UNINITIALIZED_AUTOS = YES_AGGRESSIVE;
				GCC_WARN_UNUSED_FUNCTION = YES;
				GCC_WARN_UNUSED_VARIABLE = YES;
				IPHONEOS_DEPLOYMENT_TARGET = 17.0;
				LOCALIZATION_PREFERS_STRING_CATALOGS = YES;
				MTL_ENABLE_DEBUG_INFO = NO;
				MTL_FAST_MATH = YES;
				SDKROOT = iphoneos;
				SWIFT_COMPILATION_MODE = wholemodule;
				VALIDATE_PRODUCT = YES;
			};
			name = Release;
		};
		18FC2A3B2AD6C66E00924456 /* Debug */ = {
			isa = XCBuildConfiguration;
			baseConfigurationReference = AC2CAE0357CA939A85F89D82 /* Pods-WeatherAppRealm.debug.xcconfig */;
			buildSettings = {
				ASSETCATALOG_COMPILER_APPICON_NAME = AppIcon;
				ASSETCATALOG_COMPILER_GLOBAL_ACCENT_COLOR_NAME = AccentColor;
				CODE_SIGN_STYLE = Automatic;
				CURRENT_PROJECT_VERSION = 1;
				DEVELOPMENT_ASSET_PATHS = "\"WeatherAppRealm/Preview Content\"";
				DEVELOPMENT_TEAM = W2M37Q9VXH;
				ENABLE_PREVIEWS = YES;
				GENERATE_INFOPLIST_FILE = YES;
				INFOPLIST_KEY_UIApplicationSceneManifest_Generation = YES;
				INFOPLIST_KEY_UIApplicationSupportsIndirectInputEvents = YES;
				INFOPLIST_KEY_UILaunchScreen_Generation = YES;
				INFOPLIST_KEY_UISupportedInterfaceOrientations_iPad = "UIInterfaceOrientationPortrait UIInterfaceOrientationPortraitUpsideDown UIInterfaceOrientationLandscapeLeft UIInterfaceOrientationLandscapeRight";
				INFOPLIST_KEY_UISupportedInterfaceOrientations_iPhone = "UIInterfaceOrientationPortrait UIInterfaceOrientationLandscapeLeft UIInterfaceOrientationLandscapeRight";
				LD_RUNPATH_SEARCH_PATHS = (
					"$(inherited)",
					"@executable_path/Frameworks",
				);
				MARKETING_VERSION = 1.0;
				PRODUCT_BUNDLE_IDENTIFIER = com.Khawar.Izza.WeatherAppRealm;
				PRODUCT_NAME = "$(TARGET_NAME)";
				SWIFT_EMIT_LOC_STRINGS = YES;
				SWIFT_VERSION = 5.0;
				TARGETED_DEVICE_FAMILY = "1,2";
			};
			name = Debug;
		};
		18FC2A3C2AD6C66E00924456 /* Release */ = {
			isa = XCBuildConfiguration;
			baseConfigurationReference = 613FF1438D77C1A20A2A9D59 /* Pods-WeatherAppRealm.release.xcconfig */;
			buildSettings = {
				ASSETCATALOG_COMPILER_APPICON_NAME = AppIcon;
				ASSETCATALOG_COMPILER_GLOBAL_ACCENT_COLOR_NAME = AccentColor;
				CODE_SIGN_STYLE = Automatic;
				CURRENT_PROJECT_VERSION = 1;
				DEVELOPMENT_ASSET_PATHS = "\"WeatherAppRealm/Preview Content\"";
				DEVELOPMENT_TEAM = W2M37Q9VXH;
				ENABLE_PREVIEWS = YES;
				GENERATE_INFOPLIST_FILE = YES;
				INFOPLIST_KEY_UIApplicationSceneManifest_Generation = YES;
				INFOPLIST_KEY_UIApplicationSupportsIndirectInputEvents = YES;
				INFOPLIST_KEY_UILaunchScreen_Generation = YES;
				INFOPLIST_KEY_UISupportedInterfaceOrientations_iPad = "UIInterfaceOrientationPortrait UIInterfaceOrientationPortraitUpsideDown UIInterfaceOrientationLandscapeLeft UIInterfaceOrientationLandscapeRight";
				INFOPLIST_KEY_UISupportedInterfaceOrientations_iPhone = "UIInterfaceOrientationPortrait UIInterfaceOrientationLandscapeLeft UIInterfaceOrientationLandscapeRight";
				LD_RUNPATH_SEARCH_PATHS = (
					"$(inherited)",
					"@executable_path/Frameworks",
				);
				MARKETING_VERSION = 1.0;
				PRODUCT_BUNDLE_IDENTIFIER = com.Khawar.Izza.WeatherAppRealm;
				PRODUCT_NAME = "$(TARGET_NAME)";
				SWIFT_EMIT_LOC_STRINGS = YES;
				SWIFT_VERSION = 5.0;
				TARGETED_DEVICE_FAMILY = "1,2";
			};
			name = Release;
		};
/* End XCBuildConfiguration section */

/* Begin XCConfigurationList section */
		18FC2A252AD6C66C00924456 /* Build configuration list for PBXProject "WeatherAppRealm" */ = {
			isa = XCConfigurationList;
			buildConfigurations = (
				18FC2A382AD6C66E00924456 /* Debug */,
				18FC2A392AD6C66E00924456 /* Release */,
			);
			defaultConfigurationIsVisible = 0;
			defaultConfigurationName = Release;
		};
		18FC2A3A2AD6C66E00924456 /* Build configuration list for PBXNativeTarget "WeatherAppRealm" */ = {
			isa = XCConfigurationList;
			buildConfigurations = (
				18FC2A3B2AD6C66E00924456 /* Debug */,
				18FC2A3C2AD6C66E00924456 /* Release */,
			);
			defaultConfigurationIsVisible = 0;
			defaultConfigurationName = Release;
		};
/* End XCConfigurationList section */

/* Begin XCRemoteSwiftPackageReference section */
		18FC2A3D2AD6D25600924456 /* XCRemoteSwiftPackageReference "realm-swift" */ = {
			isa = XCRemoteSwiftPackageReference;
			repositoryURL = "https://github.com/realm/realm-swift";
			requirement = {
				branch = master;
				kind = branch;
			};
		};
		18FC2A422AD6D29500924456 /* XCRemoteSwiftPackageReference "SwiftLocation" */ = {
			isa = XCRemoteSwiftPackageReference;
			repositoryURL = "https://github.com/malcommac/SwiftLocation";
			requirement = {
				kind = upToNextMajorVersion;
				minimumVersion = 5.1.0;
			};
		};
		18FC2A4B2AD6D2DF00924456 /* XCRemoteSwiftPackageReference "SwifterSwift" */ = {
			isa = XCRemoteSwiftPackageReference;
			repositoryURL = "https://github.com/SwifterSwift/SwifterSwift";
			requirement = {
				kind = upToNextMajorVersion;
				minimumVersion = 5.3.0;
			};
		};
		18FC2A4E2AD6D30B00924456 /* XCRemoteSwiftPackageReference "Reachability" */ = {
			isa = XCRemoteSwiftPackageReference;
			repositoryURL = "https://github.com/ashleymills/Reachability.swift";
			requirement = {
				branch = master;
				kind = branch;
			};
		};
/* End XCRemoteSwiftPackageReference section */

/* Begin XCSwiftPackageProductDependency section */
		18FC2A3E2AD6D25600924456 /* Realm */ = {
			isa = XCSwiftPackageProductDependency;
			package = 18FC2A3D2AD6D25600924456 /* XCRemoteSwiftPackageReference "realm-swift" */;
			productName = Realm;
		};
		18FC2A402AD6D25600924456 /* RealmSwift */ = {
			isa = XCSwiftPackageProductDependency;
			package = 18FC2A3D2AD6D25600924456 /* XCRemoteSwiftPackageReference "realm-swift" */;
			productName = RealmSwift;
		};
		18FC2A432AD6D29500924456 /* SwiftLocation */ = {
			isa = XCSwiftPackageProductDependency;
			package = 18FC2A422AD6D29500924456 /* XCRemoteSwiftPackageReference "SwiftLocation" */;
			productName = SwiftLocation;
		};
		18FC2A452AD6D29500924456 /* SwiftLocation-Dynamic */ = {
			isa = XCSwiftPackageProductDependency;
			package = 18FC2A422AD6D29500924456 /* XCRemoteSwiftPackageReference "SwiftLocation" */;
			productName = "SwiftLocation-Dynamic";
		};
		18FC2A472AD6D29500924456 /* SwiftLocationBeaconBroadcaster */ = {
			isa = XCSwiftPackageProductDependency;
			package = 18FC2A422AD6D29500924456 /* XCRemoteSwiftPackageReference "SwiftLocation" */;
			productName = SwiftLocationBeaconBroadcaster;
		};
		18FC2A492AD6D29500924456 /* SwiftLocationBeaconBroadcaster.Dynamic */ = {
			isa = XCSwiftPackageProductDependency;
			package = 18FC2A422AD6D29500924456 /* XCRemoteSwiftPackageReference "SwiftLocation" */;
			productName = SwiftLocationBeaconBroadcaster.Dynamic;
		};
		18FC2A4C2AD6D2DF00924456 /* SwifterSwift */ = {
			isa = XCSwiftPackageProductDependency;
			package = 18FC2A4B2AD6D2DF00924456 /* XCRemoteSwiftPackageReference "SwifterSwift" */;
			productName = SwifterSwift;
		};
		18FC2A4F2AD6D30B00924456 /* Reachability */ = {
			isa = XCSwiftPackageProductDependency;
			package = 18FC2A4E2AD6D30B00924456 /* XCRemoteSwiftPackageReference "Reachability" */;
			productName = Reachability;
		};
/* End XCSwiftPackageProductDependency section */
	};
	rootObject = 18FC2A222AD6C66C00924456 /* Project object */;
}
